
Microsoft Visual Studio Solution File, Format Version 12.00
# Visual Studio Version 16
VisualStudioVersion = 16.0.30413.136
MinimumVisualStudioVersion = 10.0.40219.1
Project("{FAE04EC0-301F-11D3-BF4B-00C04F79EFBC}") = "GradeBookTestProject", "GradeBookTestProject\GradeBookTestProject.csproj", "{4FE49278-1EBF-41E9-BD1A-40A0E73DC0AA}"
EndProject
Global
	GlobalSection(SolutionConfigurationPlatforms) = preSolution
		Debug|Any CPU = Debug|Any CPU
		Release|Any CPU = Release|Any CPU
	EndGlobalSection
	GlobalSection(ProjectConfigurationPlatforms) = postSolution
		{4FE49278-1EBF-41E9-BD1A-40A0E73DC0AA}.Debug|Any CPU.ActiveCfg = Debug|Any CPU
		{4FE49278-1EBF-41E9-BD1A-40A0E73DC0AA}.Debug|Any CPU.Build.0 = Debug|Any CPU
		{4FE49278-1EBF-41E9-BD1A-40A0E73DC0AA}.Release|Any CPU.ActiveCfg = Release|Any CPU
		{4FE49278-1EBF-41E9-BD1A-40A0E73DC0AA}.Release|Any CPU.Build.0 = Release|Any CPU
	EndGlobalSection
	GlobalSection(SolutionProperties) = preSolution
		HideSolutionNode = FALSE
	EndGlobalSection
	GlobalSection(ExtensibilityGlobals) = postSolution
		SolutionGuid = {C8E38A95-E281-44BA-9C74-8B17699C4F4F}
	EndGlobalSection
EndGlobal
