
Microsoft Visual Studio Solution File, Format Version 12.00
# Visual Studio Version 16
VisualStudioVersion = 16.0.30413.136
MinimumVisualStudioVersion = 10.0.40219.1
Project("{9A19103F-16F7-4668-BE54-9A1E7A4F7556}") = "Module4_GradeBook", "Module4_GradeBook\Module4_GradeBook.csproj", "{9BFB05C6-50A1-49E7-B70E-814792E6BB47}"
EndProject
Project("{FAE04EC0-301F-11D3-BF4B-00C04F79EFBC}") = "GradeBook.Test", "GradeBook.Test\GradeBook.Test.csproj", "{F59126F4-C212-4E12-8DA4-A7E260DEFBC3}"
EndProject
Global
	GlobalSection(SolutionConfigurationPlatforms) = preSolution
		Debug|Any CPU = Debug|Any CPU
		Release|Any CPU = Release|Any CPU
	EndGlobalSection
	GlobalSection(ProjectConfigurationPlatforms) = postSolution
		{9BFB05C6-50A1-49E7-B70E-814792E6BB47}.Debug|Any CPU.ActiveCfg = Debug|Any CPU
		{9BFB05C6-50A1-49E7-B70E-814792E6BB47}.Debug|Any CPU.Build.0 = Debug|Any CPU
		{9BFB05C6-50A1-49E7-B70E-814792E6BB47}.Release|Any CPU.ActiveCfg = Release|Any CPU
		{9BFB05C6-50A1-49E7-B70E-814792E6BB47}.Release|Any CPU.Build.0 = Release|Any CPU
		{F59126F4-C212-4E12-8DA4-A7E260DEFBC3}.Debug|Any CPU.ActiveCfg = Debug|Any CPU
		{F59126F4-C212-4E12-8DA4-A7E260DEFBC3}.Debug|Any CPU.Build.0 = Debug|Any CPU
		{F59126F4-C212-4E12-8DA4-A7E260DEFBC3}.Release|Any CPU.ActiveCfg = Release|Any CPU
		{F59126F4-C212-4E12-8DA4-A7E260DEFBC3}.Release|Any CPU.Build.0 = Release|Any CPU
	EndGlobalSection
	GlobalSection(SolutionProperties) = preSolution
		HideSolutionNode = FALSE
	EndGlobalSection
	GlobalSection(ExtensibilityGlobals) = postSolution
		SolutionGuid = {DDD1F5B3-240D-4553-A230-202655F9194C}
	EndGlobalSection
EndGlobal
