
Microsoft Visual Studio Solution File, Format Version 12.00
# Visual Studio Version 16
VisualStudioVersion = 16.0.30413.136
MinimumVisualStudioVersion = 10.0.40219.1
Project("{FAE04EC0-301F-11D3-BF4B-00C04F79EFBC}") = "NumbersAndDecimal", "NumbersAndDecimal\NumbersAndDecimal.csproj", "{5019BF52-EDB5-420C-87DD-E5C559C80768}"
EndProject
Global
	GlobalSection(SolutionConfigurationPlatforms) = preSolution
		Debug|Any CPU = Debug|Any CPU
		Release|Any CPU = Release|Any CPU
	EndGlobalSection
	GlobalSection(ProjectConfigurationPlatforms) = postSolution
		{5019BF52-EDB5-420C-87DD-E5C559C80768}.Debug|Any CPU.ActiveCfg = Debug|Any CPU
		{5019BF52-EDB5-420C-87DD-E5C559C80768}.Debug|Any CPU.Build.0 = Debug|Any CPU
		{5019BF52-EDB5-420C-87DD-E5C559C80768}.Release|Any CPU.ActiveCfg = Release|Any CPU
		{5019BF52-EDB5-420C-87DD-E5C559C80768}.Release|Any CPU.Build.0 = Release|Any CPU
	EndGlobalSection
	GlobalSection(SolutionProperties) = preSolution
		HideSolutionNode = FALSE
	EndGlobalSection
	GlobalSection(ExtensibilityGlobals) = postSolution
		SolutionGuid = {ACC58D22-97D8-49D4-92AA-99C7DD8980C7}
	EndGlobalSection
EndGlobal
